
Microsoft Visual Studio Solution File, Format Version 12.00
# Visual Studio 14
VisualStudioVersion = 14.0.25420.1
MinimumVisualStudioVersion = 10.0.40219.1
Project("{FAE04EC0-301F-11D3-BF4B-00C04F79EFBC}") = "OneChannelDemo", "OneChannelDemo\OneChannelDemo.csproj", "{C943C935-383D-44FB-88B5-009C3F7EE6E9}"
EndProject
Project("{FAE04EC0-301F-11D3-BF4B-00C04F79EFBC}") = "ConsoleDraw", "ConsoleDraw\ConsoleDraw.csproj", "{5978DE85-3FB9-4BAB-965F-95E4398309A2}"
EndProject
Project("{FAE04EC0-301F-11D3-BF4B-00C04F79EFBC}") = "Flaky.Core", "Flaky.Core\Flaky.Core.csproj", "{16D91BAC-575E-4075-9697-9F49414C4171}"
EndProject
Project("{FAE04EC0-301F-11D3-BF4B-00C04F79EFBC}") = "Flaky.Sources", "Flaky.Sources\Flaky.Sources.csproj", "{0FA2CECA-75A3-4CA2-AF2D-25CA9DC3906B}"
EndProject
Project("{FAE04EC0-301F-11D3-BF4B-00C04F79EFBC}") = "Flaky.Interfaces", "Flaky.Interfaces\Flaky.Interfaces.csproj", "{4CEA5444-F875-4561-82A3-77D467F37AE8}"
EndProject
Project("{FAE04EC0-301F-11D3-BF4B-00C04F79EFBC}") = "Flaky.Host", "Flaky.Host\Flaky.Host.csproj", "{2F7AA2C3-CE12-4EC1-A6BC-DF3BDAB21D19}"
EndProject
Project("{FAE04EC0-301F-11D3-BF4B-00C04F79EFBC}") = "Flaky.Adapters", "Flaky.Adapters\Flaky.Adapters.csproj", "{807D2E09-3C18-4DED-B582-ACE81FF3C54D}"
EndProject
Project("{FAE04EC0-301F-11D3-BF4B-00C04F79EFBC}") = "Flaky", "Flaky\Flaky.csproj", "{BB4E96D2-DC81-4C80-9447-A31611799C21}"
EndProject
Project("{FAE04EC0-301F-11D3-BF4B-00C04F79EFBC}") = "Apc40Controller", "Apc40Controller\Apc40Controller.csproj", "{EEC8FCA3-E893-4386-B9C5-27E2E0611454}"
EndProject
Project("{FAE04EC0-301F-11D3-BF4B-00C04F79EFBC}") = "WPF", "WPF\WPF.csproj", "{9FFEE3C5-5A51-4F9F-90EB-9F48DE174AB9}"
EndProject
Global
	GlobalSection(SolutionConfigurationPlatforms) = preSolution
		Debug|Any CPU = Debug|Any CPU
		Release|Any CPU = Release|Any CPU
	EndGlobalSection
	GlobalSection(ProjectConfigurationPlatforms) = postSolution
		{C943C935-383D-44FB-88B5-009C3F7EE6E9}.Debug|Any CPU.ActiveCfg = Debug|Any CPU
		{C943C935-383D-44FB-88B5-009C3F7EE6E9}.Debug|Any CPU.Build.0 = Debug|Any CPU
		{C943C935-383D-44FB-88B5-009C3F7EE6E9}.Release|Any CPU.ActiveCfg = Release|Any CPU
		{C943C935-383D-44FB-88B5-009C3F7EE6E9}.Release|Any CPU.Build.0 = Release|Any CPU
		{5978DE85-3FB9-4BAB-965F-95E4398309A2}.Debug|Any CPU.ActiveCfg = Debug|Any CPU
		{5978DE85-3FB9-4BAB-965F-95E4398309A2}.Debug|Any CPU.Build.0 = Debug|Any CPU
		{5978DE85-3FB9-4BAB-965F-95E4398309A2}.Release|Any CPU.ActiveCfg = Release|Any CPU
		{5978DE85-3FB9-4BAB-965F-95E4398309A2}.Release|Any CPU.Build.0 = Release|Any CPU
		{16D91BAC-575E-4075-9697-9F49414C4171}.Debug|Any CPU.ActiveCfg = Debug|Any CPU
		{16D91BAC-575E-4075-9697-9F49414C4171}.Debug|Any CPU.Build.0 = Debug|Any CPU
		{16D91BAC-575E-4075-9697-9F49414C4171}.Release|Any CPU.ActiveCfg = Release|Any CPU
		{16D91BAC-575E-4075-9697-9F49414C4171}.Release|Any CPU.Build.0 = Release|Any CPU
		{0FA2CECA-75A3-4CA2-AF2D-25CA9DC3906B}.Debug|Any CPU.ActiveCfg = Debug|Any CPU
		{0FA2CECA-75A3-4CA2-AF2D-25CA9DC3906B}.Debug|Any CPU.Build.0 = Debug|Any CPU
		{0FA2CECA-75A3-4CA2-AF2D-25CA9DC3906B}.Release|Any CPU.ActiveCfg = Release|Any CPU
		{0FA2CECA-75A3-4CA2-AF2D-25CA9DC3906B}.Release|Any CPU.Build.0 = Release|Any CPU
		{4CEA5444-F875-4561-82A3-77D467F37AE8}.Debug|Any CPU.ActiveCfg = Debug|Any CPU
		{4CEA5444-F875-4561-82A3-77D467F37AE8}.Debug|Any CPU.Build.0 = Debug|Any CPU
		{4CEA5444-F875-4561-82A3-77D467F37AE8}.Release|Any CPU.ActiveCfg = Release|Any CPU
		{4CEA5444-F875-4561-82A3-77D467F37AE8}.Release|Any CPU.Build.0 = Release|Any CPU
		{2F7AA2C3-CE12-4EC1-A6BC-DF3BDAB21D19}.Debug|Any CPU.ActiveCfg = Debug|Any CPU
		{2F7AA2C3-CE12-4EC1-A6BC-DF3BDAB21D19}.Debug|Any CPU.Build.0 = Debug|Any CPU
		{2F7AA2C3-CE12-4EC1-A6BC-DF3BDAB21D19}.Release|Any CPU.ActiveCfg = Release|Any CPU
		{2F7AA2C3-CE12-4EC1-A6BC-DF3BDAB21D19}.Release|Any CPU.Build.0 = Release|Any CPU
		{807D2E09-3C18-4DED-B582-ACE81FF3C54D}.Debug|Any CPU.ActiveCfg = Debug|Any CPU
		{807D2E09-3C18-4DED-B582-ACE81FF3C54D}.Debug|Any CPU.Build.0 = Debug|Any CPU
		{807D2E09-3C18-4DED-B582-ACE81FF3C54D}.Release|Any CPU.ActiveCfg = Release|Any CPU
		{807D2E09-3C18-4DED-B582-ACE81FF3C54D}.Release|Any CPU.Build.0 = Release|Any CPU
		{BB4E96D2-DC81-4C80-9447-A31611799C21}.Debug|Any CPU.ActiveCfg = Debug|Any CPU
		{BB4E96D2-DC81-4C80-9447-A31611799C21}.Debug|Any CPU.Build.0 = Debug|Any CPU
		{BB4E96D2-DC81-4C80-9447-A31611799C21}.Release|Any CPU.ActiveCfg = Release|Any CPU
		{BB4E96D2-DC81-4C80-9447-A31611799C21}.Release|Any CPU.Build.0 = Release|Any CPU
		{EEC8FCA3-E893-4386-B9C5-27E2E0611454}.Debug|Any CPU.ActiveCfg = Debug|Any CPU
		{EEC8FCA3-E893-4386-B9C5-27E2E0611454}.Debug|Any CPU.Build.0 = Debug|Any CPU
		{EEC8FCA3-E893-4386-B9C5-27E2E0611454}.Release|Any CPU.ActiveCfg = Release|Any CPU
		{EEC8FCA3-E893-4386-B9C5-27E2E0611454}.Release|Any CPU.Build.0 = Release|Any CPU
		{9FFEE3C5-5A51-4F9F-90EB-9F48DE174AB9}.Debug|Any CPU.ActiveCfg = Debug|Any CPU
		{9FFEE3C5-5A51-4F9F-90EB-9F48DE174AB9}.Debug|Any CPU.Build.0 = Debug|Any CPU
		{9FFEE3C5-5A51-4F9F-90EB-9F48DE174AB9}.Release|Any CPU.ActiveCfg = Release|Any CPU
		{9FFEE3C5-5A51-4F9F-90EB-9F48DE174AB9}.Release|Any CPU.Build.0 = Release|Any CPU
	EndGlobalSection
	GlobalSection(SolutionProperties) = preSolution
		HideSolutionNode = FALSE
	EndGlobalSection
EndGlobal
