
Microsoft Visual Studio Solution File, Format Version 12.00
# Visual Studio Version 16
VisualStudioVersion = 16.0.28922.388
MinimumVisualStudioVersion = 10.0.40219.1
Project("{9A19103F-16F7-4668-BE54-9A1E7A4F7556}") = "Flaky", "Flaky\Flaky.csproj", "{01B02822-A72E-4139-80C1-4EC7AD535B47}"
EndProject
Project("{9A19103F-16F7-4668-BE54-9A1E7A4F7556}") = "Flaky.Interfaces", "Flaky.Interfaces\Flaky.Interfaces.csproj", "{57CE6C3D-EE53-4F83-9375-07E4D2433A02}"
EndProject
Project("{9A19103F-16F7-4668-BE54-9A1E7A4F7556}") = "Flaky.Core", "Flaky.Core\Flaky.Core.csproj", "{F7326900-4DC5-4F28-A822-02D03288F967}"
EndProject
Project("{9A19103F-16F7-4668-BE54-9A1E7A4F7556}") = "Flaky.Compiler", "Flaky.Compiler\Flaky.Compiler.csproj", "{8BAC3FDE-5089-4A36-B349-84562EE46420}"
EndProject
Project("{FAE04EC0-301F-11D3-BF4B-00C04F79EFBC}") = "Flaky.Sources", "Flaky.Sources\Flaky.Sources.csproj", "{3A2D6ED2-478C-4302-B050-23DF64E9234F}"
EndProject
Project("{FAE04EC0-301F-11D3-BF4B-00C04F79EFBC}") = "Flaky.Tests", "Flaky.Tests\Flaky.Tests.csproj", "{176ADAD5-098C-4BDD-B33C-910544015DBB}"
EndProject
Project("{FAE04EC0-301F-11D3-BF4B-00C04F79EFBC}") = "Flaky.Benchmark", "Flaky.Benchmark\Flaky.Benchmark.csproj", "{CE2166B3-3222-44A6-97AF-82FC59E47C48}"
EndProject
Project("{FAE04EC0-301F-11D3-BF4B-00C04F79EFBC}") = "Flaky.Adapters", "Flaky.Adapters\Flaky.Adapters.csproj", "{6B460D92-1D8D-4473-9FE0-237090C0C816}"
EndProject
Project("{FAE04EC0-301F-11D3-BF4B-00C04F79EFBC}") = "Flaky.Host", "Flaky.Host\Flaky.Host.csproj", "{17238AE0-2208-4694-BD64-5E851232A703}"
EndProject
Project("{2150E333-8FDC-42A3-9474-1A3956D46DE8}") = "Solution Items", "Solution Items", "{7245A871-1012-470E-A7E6-368EA9D1FFBB}"
	ProjectSection(SolutionItems) = preProject
		.editorconfig = .editorconfig
	EndProjectSection
EndProject
Global
	GlobalSection(SolutionConfigurationPlatforms) = preSolution
		Debug|Any CPU = Debug|Any CPU
		Debug|x64 = Debug|x64
		Release|Any CPU = Release|Any CPU
		Release|x64 = Release|x64
	EndGlobalSection
	GlobalSection(ProjectConfigurationPlatforms) = postSolution
		{01B02822-A72E-4139-80C1-4EC7AD535B47}.Debug|Any CPU.ActiveCfg = Debug|Any CPU
		{01B02822-A72E-4139-80C1-4EC7AD535B47}.Debug|Any CPU.Build.0 = Debug|Any CPU
		{01B02822-A72E-4139-80C1-4EC7AD535B47}.Debug|x64.ActiveCfg = Debug|x64
		{01B02822-A72E-4139-80C1-4EC7AD535B47}.Debug|x64.Build.0 = Debug|x64
		{01B02822-A72E-4139-80C1-4EC7AD535B47}.Release|Any CPU.ActiveCfg = Release|Any CPU
		{01B02822-A72E-4139-80C1-4EC7AD535B47}.Release|Any CPU.Build.0 = Release|Any CPU
		{01B02822-A72E-4139-80C1-4EC7AD535B47}.Release|x64.ActiveCfg = Release|x64
		{01B02822-A72E-4139-80C1-4EC7AD535B47}.Release|x64.Build.0 = Release|x64
		{57CE6C3D-EE53-4F83-9375-07E4D2433A02}.Debug|Any CPU.ActiveCfg = Debug|Any CPU
		{57CE6C3D-EE53-4F83-9375-07E4D2433A02}.Debug|Any CPU.Build.0 = Debug|Any CPU
		{57CE6C3D-EE53-4F83-9375-07E4D2433A02}.Debug|x64.ActiveCfg = Debug|x64
		{57CE6C3D-EE53-4F83-9375-07E4D2433A02}.Debug|x64.Build.0 = Debug|x64
		{57CE6C3D-EE53-4F83-9375-07E4D2433A02}.Release|Any CPU.ActiveCfg = Release|Any CPU
		{57CE6C3D-EE53-4F83-9375-07E4D2433A02}.Release|Any CPU.Build.0 = Release|Any CPU
		{57CE6C3D-EE53-4F83-9375-07E4D2433A02}.Release|x64.ActiveCfg = Release|x64
		{57CE6C3D-EE53-4F83-9375-07E4D2433A02}.Release|x64.Build.0 = Release|x64
		{F7326900-4DC5-4F28-A822-02D03288F967}.Debug|Any CPU.ActiveCfg = Debug|Any CPU
		{F7326900-4DC5-4F28-A822-02D03288F967}.Debug|Any CPU.Build.0 = Debug|Any CPU
		{F7326900-4DC5-4F28-A822-02D03288F967}.Debug|x64.ActiveCfg = Debug|x64
		{F7326900-4DC5-4F28-A822-02D03288F967}.Debug|x64.Build.0 = Debug|x64
		{F7326900-4DC5-4F28-A822-02D03288F967}.Release|Any CPU.ActiveCfg = Release|Any CPU
		{F7326900-4DC5-4F28-A822-02D03288F967}.Release|Any CPU.Build.0 = Release|Any CPU
		{F7326900-4DC5-4F28-A822-02D03288F967}.Release|x64.ActiveCfg = Release|x64
		{F7326900-4DC5-4F28-A822-02D03288F967}.Release|x64.Build.0 = Release|x64
		{8BAC3FDE-5089-4A36-B349-84562EE46420}.Debug|Any CPU.ActiveCfg = Debug|Any CPU
		{8BAC3FDE-5089-4A36-B349-84562EE46420}.Debug|Any CPU.Build.0 = Debug|Any CPU
		{8BAC3FDE-5089-4A36-B349-84562EE46420}.Debug|x64.ActiveCfg = Debug|x64
		{8BAC3FDE-5089-4A36-B349-84562EE46420}.Debug|x64.Build.0 = Debug|x64
		{8BAC3FDE-5089-4A36-B349-84562EE46420}.Release|Any CPU.ActiveCfg = Release|Any CPU
		{8BAC3FDE-5089-4A36-B349-84562EE46420}.Release|Any CPU.Build.0 = Release|Any CPU
		{8BAC3FDE-5089-4A36-B349-84562EE46420}.Release|x64.ActiveCfg = Release|x64
		{8BAC3FDE-5089-4A36-B349-84562EE46420}.Release|x64.Build.0 = Release|x64
		{3A2D6ED2-478C-4302-B050-23DF64E9234F}.Debug|Any CPU.ActiveCfg = Debug|Any CPU
		{3A2D6ED2-478C-4302-B050-23DF64E9234F}.Debug|Any CPU.Build.0 = Debug|Any CPU
		{3A2D6ED2-478C-4302-B050-23DF64E9234F}.Debug|x64.ActiveCfg = Debug|x64
		{3A2D6ED2-478C-4302-B050-23DF64E9234F}.Debug|x64.Build.0 = Debug|x64
		{3A2D6ED2-478C-4302-B050-23DF64E9234F}.Release|Any CPU.ActiveCfg = Release|Any CPU
		{3A2D6ED2-478C-4302-B050-23DF64E9234F}.Release|Any CPU.Build.0 = Release|Any CPU
		{3A2D6ED2-478C-4302-B050-23DF64E9234F}.Release|x64.ActiveCfg = Release|x64
		{3A2D6ED2-478C-4302-B050-23DF64E9234F}.Release|x64.Build.0 = Release|x64
		{176ADAD5-098C-4BDD-B33C-910544015DBB}.Debug|Any CPU.ActiveCfg = Debug|Any CPU
		{176ADAD5-098C-4BDD-B33C-910544015DBB}.Debug|Any CPU.Build.0 = Debug|Any CPU
		{176ADAD5-098C-4BDD-B33C-910544015DBB}.Debug|x64.ActiveCfg = Debug|x64
		{176ADAD5-098C-4BDD-B33C-910544015DBB}.Debug|x64.Build.0 = Debug|x64
		{176ADAD5-098C-4BDD-B33C-910544015DBB}.Release|Any CPU.ActiveCfg = Release|Any CPU
		{176ADAD5-098C-4BDD-B33C-910544015DBB}.Release|Any CPU.Build.0 = Release|Any CPU
		{176ADAD5-098C-4BDD-B33C-910544015DBB}.Release|x64.ActiveCfg = Release|x64
		{176ADAD5-098C-4BDD-B33C-910544015DBB}.Release|x64.Build.0 = Release|x64
		{CE2166B3-3222-44A6-97AF-82FC59E47C48}.Debug|Any CPU.ActiveCfg = Debug|Any CPU
		{CE2166B3-3222-44A6-97AF-82FC59E47C48}.Debug|Any CPU.Build.0 = Debug|Any CPU
		{CE2166B3-3222-44A6-97AF-82FC59E47C48}.Debug|x64.ActiveCfg = Debug|x64
		{CE2166B3-3222-44A6-97AF-82FC59E47C48}.Debug|x64.Build.0 = Debug|x64
		{CE2166B3-3222-44A6-97AF-82FC59E47C48}.Release|Any CPU.ActiveCfg = Release|Any CPU
		{CE2166B3-3222-44A6-97AF-82FC59E47C48}.Release|Any CPU.Build.0 = Release|Any CPU
		{CE2166B3-3222-44A6-97AF-82FC59E47C48}.Release|x64.ActiveCfg = Release|x64
		{CE2166B3-3222-44A6-97AF-82FC59E47C48}.Release|x64.Build.0 = Release|x64
		{6B460D92-1D8D-4473-9FE0-237090C0C816}.Debug|Any CPU.ActiveCfg = Debug|Any CPU
		{6B460D92-1D8D-4473-9FE0-237090C0C816}.Debug|Any CPU.Build.0 = Debug|Any CPU
		{6B460D92-1D8D-4473-9FE0-237090C0C816}.Debug|x64.ActiveCfg = Debug|x64
		{6B460D92-1D8D-4473-9FE0-237090C0C816}.Debug|x64.Build.0 = Debug|x64
		{6B460D92-1D8D-4473-9FE0-237090C0C816}.Release|Any CPU.ActiveCfg = Release|Any CPU
		{6B460D92-1D8D-4473-9FE0-237090C0C816}.Release|Any CPU.Build.0 = Release|Any CPU
		{6B460D92-1D8D-4473-9FE0-237090C0C816}.Release|x64.ActiveCfg = Release|x64
		{6B460D92-1D8D-4473-9FE0-237090C0C816}.Release|x64.Build.0 = Release|x64
		{17238AE0-2208-4694-BD64-5E851232A703}.Debug|Any CPU.ActiveCfg = Debug|Any CPU
		{17238AE0-2208-4694-BD64-5E851232A703}.Debug|Any CPU.Build.0 = Debug|Any CPU
		{17238AE0-2208-4694-BD64-5E851232A703}.Debug|x64.ActiveCfg = Debug|x64
		{17238AE0-2208-4694-BD64-5E851232A703}.Debug|x64.Build.0 = Debug|x64
		{17238AE0-2208-4694-BD64-5E851232A703}.Release|Any CPU.ActiveCfg = Release|Any CPU
		{17238AE0-2208-4694-BD64-5E851232A703}.Release|Any CPU.Build.0 = Release|Any CPU
		{17238AE0-2208-4694-BD64-5E851232A703}.Release|x64.ActiveCfg = Release|x64
		{17238AE0-2208-4694-BD64-5E851232A703}.Release|x64.Build.0 = Release|x64
	EndGlobalSection
	GlobalSection(SolutionProperties) = preSolution
		HideSolutionNode = FALSE
	EndGlobalSection
	GlobalSection(ExtensibilityGlobals) = postSolution
		SolutionGuid = {11FE0FB1-A16B-46CC-ACFD-FC1CEE2FBC35}
	EndGlobalSection
EndGlobal
